
Microsoft Visual Studio Solution File, Format Version 12.00
# Visual Studio 14
VisualStudioVersion = 14.0.22823.1
MinimumVisualStudioVersion = 10.0.40219.1
Project("{FAE04EC0-301F-11D3-BF4B-00C04F79EFBC}") = "SN3218", "SN3218\SN3218.csproj", "{24C4807A-2C63-4A50-B252-048BF7DF5882}"
EndProject
Project("{FAE04EC0-301F-11D3-BF4B-00C04F79EFBC}") = "SN3218.Demo", "SN3218.Demo\SN3218.Demo.csproj", "{266B5E18-A6B3-4D50-8EB0-57235E82F7FF}"
EndProject
Global
	GlobalSection(SolutionConfigurationPlatforms) = preSolution
		Debug|ARM = Debug|ARM
		Release|ARM = Release|ARM
	EndGlobalSection
	GlobalSection(ProjectConfigurationPlatforms) = postSolution
		{24C4807A-2C63-4A50-B252-048BF7DF5882}.Debug|ARM.ActiveCfg = Debug|ARM
		{24C4807A-2C63-4A50-B252-048BF7DF5882}.Debug|ARM.Build.0 = Debug|ARM
		{24C4807A-2C63-4A50-B252-048BF7DF5882}.Release|ARM.ActiveCfg = Release|ARM
		{24C4807A-2C63-4A50-B252-048BF7DF5882}.Release|ARM.Build.0 = Release|ARM
		{266B5E18-A6B3-4D50-8EB0-57235E82F7FF}.Debug|ARM.ActiveCfg = Debug|ARM
		{266B5E18-A6B3-4D50-8EB0-57235E82F7FF}.Debug|ARM.Build.0 = Debug|ARM
		{266B5E18-A6B3-4D50-8EB0-57235E82F7FF}.Debug|ARM.Deploy.0 = Debug|ARM
		{266B5E18-A6B3-4D50-8EB0-57235E82F7FF}.Release|ARM.ActiveCfg = Release|ARM
		{266B5E18-A6B3-4D50-8EB0-57235E82F7FF}.Release|ARM.Build.0 = Release|ARM
		{266B5E18-A6B3-4D50-8EB0-57235E82F7FF}.Release|ARM.Deploy.0 = Release|ARM
	EndGlobalSection
	GlobalSection(SolutionProperties) = preSolution
		HideSolutionNode = FALSE
	EndGlobalSection
EndGlobal
